Microsoft Visual Studio Solution File, Format Version 12.00
# Visual Studio Version 17
VisualStudioVersion = 17.5.2.0
MinimumVisualStudioVersion = 10.0.40219.1
Project("{FAE04EC0-301F-11D3-BF4B-00C04F79EFBC}") = "Zombieskiller", "Zombieskiller.csproj", "{CBE231A1-ACDD-F392-1932-9C656D1AA694}"
EndProject
Global
	GlobalSection(SolutionConfigurationPlatforms) = preSolution
		Debug|Any CPU = Debug|Any CPU
		Release|Any CPU = Release|Any CPU
	EndGlobalSection
	GlobalSection(ProjectConfigurationPlatforms) = postSolution
		{CBE231A1-ACDD-F392-1932-9C656D1AA694}.Debug|Any CPU.ActiveCfg = Debug|Any CPU
		{CBE231A1-ACDD-F392-1932-9C656D1AA694}.Debug|Any CPU.Build.0 = Debug|Any CPU
		{CBE231A1-ACDD-F392-1932-9C656D1AA694}.Release|Any CPU.ActiveCfg = Release|Any CPU
		{CBE231A1-ACDD-F392-1932-9C656D1AA694}.Release|Any CPU.Build.0 = Release|Any CPU
	EndGlobalSection
	GlobalSection(SolutionProperties) = preSolution
		HideSolutionNode = FALSE
	EndGlobalSection
	GlobalSection(ExtensibilityGlobals) = postSolution
		SolutionGuid = {98DEB4CF-417A-4995-B792-1DE8EC0AE9C1}
	EndGlobalSection
EndGlobal
